// !$*UTF8*$!
{
	archiveVersion = 1;
	classes = {
	};
	objectVersion = 48;
	objects = {

/* Begin PBXBuildFile section */
		843B823A206224FA00A634A7 /* AppDelegate.m in Sources */ = {isa = PBXBuildFile; fileRef = 843B8239206224FA00A634A7 /* AppDelegate.m */; };
		843B823D206224FA00A634A7 /* ViewController.m in Sources */ = {isa = PBXBuildFile; fileRef = 843B823C206224FA00A634A7 /* ViewController.m */; };
		843B8240206224FA00A634A7 /* Main.storyboard in Resources */ = {isa = PBXBuildFile; fileRef = 843B823E206224FA00A634A7 /* Main.storyboard */; };
		843B8242206224FA00A634A7 /* Assets.xcassets in Resources */ = {isa = PBXBuildFile; fileRef = 843B8241206224FA00A634A7 /* Assets.xcassets */; };
		843B8245206224FA00A634A7 /* LaunchScreen.storyboard in Resources */ = {isa = PBXBuildFile; fileRef = 843B8243206224FA00A634A7 /* LaunchScreen.storyboard */; };
		843B8248206224FA00A634A7 /* main.m in Sources */ = {isa = PBXBuildFile; fileRef = 843B8247206224FA00A634A7 /* main.m */; };
		843B8252206224FA00A634A7 /* DemoForGetDocumentMusicMsgTests.m in Sources */ = {isa = PBXBuildFile; fileRef = 843B8251206224FA00A634A7 /* DemoForGetDocumentMusicMsgTests.m */; };
		843B825D206224FA00A634A7 /* DemoForGetDocumentMusicMsgUITests.m in Sources */ = {isa = PBXBuildFile; fileRef = 843B825C206224FA00A634A7 /* DemoForGetDocumentMusicMsgUITests.m */; };
		843B82842062440B00A634A7 /* Fort Minor - Remember the Name.mp3 in Resources */ = {isa = PBXBuildFile; fileRef = 843B827B2062440B00A634A7 /* Fort Minor - Remember the Name.mp3 */; };
		843B82852062440B00A634A7 /* BaseModel.m in Sources */ = {isa = PBXBuildFile; fileRef = 843B827E2062440B00A634A7 /* BaseModel.m */; };
		843B82862062440B00A634A7 /* WGMusicMsgModel.m in Sources */ = {isa = PBXBuildFile; fileRef = 843B82802062440B00A634A7 /* WGMusicMsgModel.m */; };
		843B82872062440B00A634A7 /* WGToolsClass.m in Sources */ = {isa = PBXBuildFile; fileRef = 843B82822062440B00A634A7 /* WGToolsClass.m */; };
		843B82882062440B00A634A7 /* Styles of Beyond - Nine Thou (Superstars Remix) - remix.mp3 in Resources */ = {isa = PBXBuildFile; fileRef = 843B82832062440B00A634A7 /* Styles of Beyond - Nine Thou (Superstars Remix) - remix.mp3 */; };
/* End PBXBuildFile section */

/* Begin PBXContainerItemProxy section */
		843B824E206224FA00A634A7 /* PBXContainerItemProxy */ = {
			isa = PBXContainerItemProxy;
			containerPortal = 843B822D206224F900A634A7 /* Project object */;
			proxyType = 1;
			remoteGlobalIDString = 843B8234206224FA00A634A7;
			remoteInfo = DemoForGetDocumentMusicMsg;
		};
		843B8259206224FA00A634A7 /* PBXContainerItemProxy */ = {
			isa = PBXContainerItemProxy;
			containerPortal = 843B822D206224F900A634A7 /* Project object */;
			proxyType = 1;
			remoteGlobalIDString = 843B8234206224FA00A634A7;
			remoteInfo = DemoForGetDocumentMusicMsg;
		};
/* End PBXContainerItemProxy section */

/* Begin PBXFileReference section */
		843B8235206224FA00A634A7 /* DemoForGetDocumentMusicMsg.app */ = {isa = PBXFileReference; explicitFileType = wrapper.application; includeInIndex = 0; path = DemoForGetDocumentMusicMsg.app; sourceTree = BUILT_PRODUCTS_DIR; };
		843B8238206224FA00A634A7 /* AppDelegate.h */ = {isa = PBXFileReference; lastKnownFileType = sourcecode.c.h; path = AppDelegate.h; sourceTree = "<group>"; };
		843B8239206224FA00A634A7 /* AppDelegate.m */ = {isa = PBXFileReference; lastKnownFileType = sourcecode.c.objc; path = AppDelegate.m; sourceTree = "<group>"; };
		843B823B206224FA00A634A7 /* ViewController.h */ = {isa = PBXFileReference; lastKnownFileType = sourcecode.c.h; path = ViewController.h; sourceTree = "<group>"; };
		843B823C206224FA00A634A7 /* ViewController.m */ = {isa = PBXFileReference; lastKnownFileType = sourcecode.c.objc; path = ViewController.m; sourceTree = "<group>"; };
		843B823F206224FA00A634A7 /* Base */ = {isa = PBXFileReference; lastKnownFileType = file.storyboard; name = Base; path = Base.lproj/Main.storyboard; sourceTree = "<group>"; };
		843B8241206224FA00A634A7 /* Assets.xcassets */ = {isa = PBXFileReference; lastKnownFileType = folder.assetcatalog; path = Assets.xcassets; sourceTree = "<group>"; };
		843B8244206224FA00A634A7 /* Base */ = {isa = PBXFileReference; lastKnownFileType = file.storyboard; name = Base; path = Base.lproj/LaunchScreen.storyboard; sourceTree = "<group>"; };
		843B8246206224FA00A634A7 /* Info.plist */ = {isa = PBXFileReference; lastKnownFileType = text.plist.xml; path = Info.plist; sourceTree = "<group>"; };
		843B8247206224FA00A634A7 /* main.m */ = {isa = PBXFileReference; lastKnownFileType = sourcecode.c.objc; path = main.m; sourceTree = "<group>"; };
		843B824D206224FA00A634A7 /* DemoForGetDocumentMusicMsgTests.xctest */ = {isa = PBXFileReference; explicitFileType = wrapper.cfbundle; includeInIndex = 0; path = DemoForGetDocumentMusicMsgTests.xctest; sourceTree = BUILT_PRODUCTS_DIR; };
		843B8251206224FA00A634A7 /* DemoForGetDocumentMusicMsgTests.m */ = {isa = PBXFileReference; lastKnownFileType = sourcecode.c.objc; path = DemoForGetDocumentMusicMsgTests.m; sourceTree = "<group>"; };
		843B8253206224FA00A634A7 /* Info.plist */ = {isa = PBXFileReference; lastKnownFileType = text.plist.xml; path = Info.plist; sourceTree = "<group>"; };
		843B8258206224FA00A634A7 /* DemoForGetDocumentMusicMsgUITests.xctest */ = {isa = PBXFileReference; explicitFileType = wrapper.cfbundle; includeInIndex = 0; path = DemoForGetDocumentMusicMsgUITests.xctest; sourceTree = BUILT_PRODUCTS_DIR; };
		843B825C206224FA00A634A7 /* DemoForGetDocumentMusicMsgUITests.m */ = {isa = PBXFileReference; lastKnownFileType = sourcecode.c.objc; path = DemoForGetDocumentMusicMsgUITests.m; sourceTree = "<group>"; };
		843B825E206224FA00A634A7 /* Info.plist */ = {isa = PBXFileReference; lastKnownFileType = text.plist.xml; path = Info.plist; sourceTree = "<group>"; };
		843B827B2062440B00A634A7 /* Fort Minor - Remember the Name.mp3 */ = {isa = PBXFileReference; lastKnownFileType = audio.mp3; path = "Fort Minor - Remember the Name.mp3"; sourceTree = "<group>"; };
		843B827D2062440B00A634A7 /* BaseModel.h */ = {isa = PBXFileReference; fileEncoding = 4; lastKnownFileType = sourcecode.c.h; path = BaseModel.h; sourceTree = "<group>"; };
		843B827E2062440B00A634A7 /* BaseModel.m */ = {isa = PBXFileReference; fileEncoding = 4; lastKnownFileType = sourcecode.c.objc; path = BaseModel.m; sourceTree = "<group>"; };
		843B827F2062440B00A634A7 /* WGMusicMsgModel.h */ = {isa = PBXFileReference; fileEncoding = 4; lastKnownFileType = sourcecode.c.h; path = WGMusicMsgModel.h; sourceTree = "<group>"; };
		843B82802062440B00A634A7 /* WGMusicMsgModel.m */ = {isa = PBXFileReference; fileEncoding = 4; lastKnownFileType = sourcecode.c.objc; path = WGMusicMsgModel.m; sourceTree = "<group>"; };
		843B82812062440B00A634A7 /* WGToolsClass.h */ = {isa = PBXFileReference; fileEncoding = 4; lastKnownFileType = sourcecode.c.h; path = WGToolsClass.h; sourceTree = "<group>"; };
		843B82822062440B00A634A7 /* WGToolsClass.m */ = {isa = PBXFileReference; fileEncoding = 4; lastKnownFileType = sourcecode.c.objc; path = WGToolsClass.m; sourceTree = "<group>"; };
		843B82832062440B00A634A7 /* Styles of Beyond - Nine Thou (Superstars Remix) - remix.mp3 */ = {isa = PBXFileReference; lastKnownFileType = audio.mp3; path = "Styles of Beyond - Nine Thou (Superstars Remix) - remix.mp3"; sourceTree = "<group>"; };
/* End PBXFileReference section */

/* Begin PBXFrameworksBuildPhase section */
		843B8232206224FA00A634A7 /* Frameworks */ = {
			isa = PBXFrameworksBuildPhase;
			buildActionMask = 2147483647;
			files = (
			);
			runOnlyForDeploymentPostprocessing = 0;
		};
		843B824A206224FA00A634A7 /* Frameworks */ = {
			isa = PBXFrameworksBuildPhase;
			buildActionMask = 2147483647;
			files = (
			);
			runOnlyForDeploymentPostprocessing = 0;
		};
		843B8255206224FA00A634A7 /* Frameworks */ = {
			isa = PBXFrameworksBuildPhase;
			buildActionMask = 2147483647;
			files = (
			);
			runOnlyForDeploymentPostprocessing = 0;
		};
/* End PBXFrameworksBuildPhase section */

/* Begin PBXGroup section */
		843B822C206224F900A634A7 = {
			isa = PBXGroup;
			children = (
				843B8237206224FA00A634A7 /* DemoForGetDocumentMusicMsg */,
				843B8250206224FA00A634A7 /* DemoForGetDocumentMusicMsgTests */,
				843B825B206224FA00A634A7 /* DemoForGetDocumentMusicMsgUITests */,
				843B8236206224FA00A634A7 /* Products */,
			);
			sourceTree = "<group>";
		};
		843B8236206224FA00A634A7 /* Products */ = {
			isa = PBXGroup;
			children = (
				843B8235206224FA00A634A7 /* DemoForGetDocumentMusicMsg.app */,
				843B824D206224FA00A634A7 /* DemoForGetDocumentMusicMsgTests.xctest */,
				843B8258206224FA00A634A7 /* DemoForGetDocumentMusicMsgUITests.xctest */,
			);
			name = Products;
			sourceTree = "<group>";
		};
		843B8237206224FA00A634A7 /* DemoForGetDocumentMusicMsg */ = {
			isa = PBXGroup;
			children = (
				843B827A2062440B00A634A7 /* Class */,
				843B8238206224FA00A634A7 /* AppDelegate.h */,
				843B8239206224FA00A634A7 /* AppDelegate.m */,
				843B823B206224FA00A634A7 /* ViewController.h */,
				843B823C206224FA00A634A7 /* ViewController.m */,
				843B823E206224FA00A634A7 /* Main.storyboard */,
				843B8241206224FA00A634A7 /* Assets.xcassets */,
				843B8243206224FA00A634A7 /* LaunchScreen.storyboard */,
				843B8246206224FA00A634A7 /* Info.plist */,
				843B8247206224FA00A634A7 /* main.m */,
			);
			path = DemoForGetDocumentMusicMsg;
			sourceTree = "<group>";
		};
		843B8250206224FA00A634A7 /* DemoForGetDocumentMusicMsgTests */ = {
			isa = PBXGroup;
			children = (
				843B8251206224FA00A634A7 /* DemoForGetDocumentMusicMsgTests.m */,
				843B8253206224FA00A634A7 /* Info.plist */,
			);
			path = DemoForGetDocumentMusicMsgTests;
			sourceTree = "<group>";
		};
		843B825B206224FA00A634A7 /* DemoForGetDocumentMusicMsgUITests */ = {
			isa = PBXGroup;
			children = (
				843B825C206224FA00A634A7 /* DemoForGetDocumentMusicMsgUITests.m */,
				843B825E206224FA00A634A7 /* Info.plist */,
			);
			path = DemoForGetDocumentMusicMsgUITests;
			sourceTree = "<group>";
		};
		843B827A2062440B00A634A7 /* Class */ = {
			isa = PBXGroup;
			children = (
				843B827B2062440B00A634A7 /* Fort Minor - Remember the Name.mp3 */,
				843B827C2062440B00A634A7 /* Model&Tools */,
				843B82832062440B00A634A7 /* Styles of Beyond - Nine Thou (Superstars Remix) - remix.mp3 */,
			);
			path = Class;
			sourceTree = "<group>";
		};
		843B827C2062440B00A634A7 /* Model&Tools */ = {
			isa = PBXGroup;
			children = (
				843B827D2062440B00A634A7 /* BaseModel.h */,
				843B827E2062440B00A634A7 /* BaseModel.m */,
				843B827F2062440B00A634A7 /* WGMusicMsgModel.h */,
				843B82802062440B00A634A7 /* WGMusicMsgModel.m */,
				843B82812062440B00A634A7 /* WGToolsClass.h */,
				843B82822062440B00A634A7 /* WGToolsClass.m */,
			);
			path = "Model&Tools";
			sourceTree = "<group>";
		};
/* End PBXGroup section */

/* Begin PBXNativeTarget section */
		843B8234206224FA00A634A7 /* DemoForGetDocumentMusicMsg */ = {
			isa = PBXNativeTarget;
			buildConfigurationList = 843B8261206224FA00A634A7 /* Build configuration list for PBXNativeTarget "DemoForGetDocumentMusicMsg" */;
			buildPhases = (
				843B8231206224FA00A634A7 /* Sources */,
				843B8232206224FA00A634A7 /* Frameworks */,
				843B8233206224FA00A634A7 /* Resources */,
			);
			buildRules = (
			);
			dependencies = (
			);
			name = DemoForGetDocumentMusicMsg;
			productName = DemoForGetDocumentMusicMsg;
			productReference = 843B8235206224FA00A634A7 /* DemoForGetDocumentMusicMsg.app */;
			productType = "com.apple.product-type.application";
		};
		843B824C206224FA00A634A7 /* DemoForGetDocumentMusicMsgTests */ = {
			isa = PBXNativeTarget;
			buildConfigurationList = 843B8264206224FA00A634A7 /* Build configuration list for PBXNativeTarget "DemoForGetDocumentMusicMsgTests" */;
			buildPhases = (
				843B8249206224FA00A634A7 /* Sources */,
				843B824A206224FA00A634A7 /* Frameworks */,
				843B824B206224FA00A634A7 /* Resources */,
			);
			buildRules = (
			);
			dependencies = (
				843B824F206224FA00A634A7 /* PBXTargetDependency */,
			);
			name = DemoForGetDocumentMusicMsgTests;
			productName = DemoForGetDocumentMusicMsgTests;
			productReference = 843B824D206224FA00A634A7 /* DemoForGetDocumentMusicMsgTests.xctest */;
			productType = "com.apple.product-type.bundle.unit-test";
		};
		843B8257206224FA00A634A7 /* DemoForGetDocumentMusicMsgUITests */ = {
			isa = PBXNativeTarget;
			buildConfigurationList = 843B8267206224FA00A634A7 /* Build configuration list for PBXNativeTarget "DemoForGetDocumentMusicMsgUITests" */;
			buildPhases = (
				843B8254206224FA00A634A7 /* Sources */,
				843B8255206224FA00A634A7 /* Frameworks */,
				843B8256206224FA00A634A7 /* Resources */,
			);
			buildRules = (
			);
			dependencies = (
				843B825A206224FA00A634A7 /* PBXTargetDependency */,
			);
			name = DemoForGetDocumentMusicMsgUITests;
			productName = DemoForGetDocumentMusicMsgUITests;
			productReference = 843B8258206224FA00A634A7 /* DemoForGetDocumentMusicMsgUITests.xctest */;
			productType = "com.apple.product-type.bundle.ui-testing";
		};
/* End PBXNativeTarget section */

/* Begin PBXProject section */
		843B822D206224F900A634A7 /* Project object */ = {
			isa = PBXProject;
			attributes = {
				LastUpgradeCheck = 0920;
				ORGANIZATIONNAME = LOVER;
				TargetAttributes = {
					843B8234206224FA00A634A7 = {
						CreatedOnToolsVersion = 9.2;
						ProvisioningStyle = Automatic;
					};
					843B824C206224FA00A634A7 = {
						CreatedOnToolsVersion = 9.2;
						ProvisioningStyle = Automatic;
						TestTargetID = 843B8234206224FA00A634A7;
					};
					843B8257206224FA00A634A7 = {
						CreatedOnToolsVersion = 9.2;
						ProvisioningStyle = Automatic;
						TestTargetID = 843B8234206224FA00A634A7;
					};
				};
			};
			buildConfigurationList = 843B8230206224F900A634A7 /* Build configuration list for PBXProject "DemoForGetDocumentMusicMsg" */;
			compatibilityVersion = "Xcode 8.0";
			developmentRegion = en;
			hasScannedForEncodings = 0;
			knownRegions = (
				en,
				Base,
			);
			mainGroup = 843B822C206224F900A634A7;
			productRefGroup = 843B8236206224FA00A634A7 /* Products */;
			projectDirPath = "";
			projectRoot = "";
			targets = (
				843B8234206224FA00A634A7 /* DemoForGetDocumentMusicMsg */,
				843B824C206224FA00A634A7 /* DemoForGetDocumentMusicMsgTests */,
				843B8257206224FA00A634A7 /* DemoForGetDocumentMusicMsgUITests */,
			);
		};
/* End PBXProject section */

/* Begin PBXResourcesBuildPhase section */
		843B8233206224FA00A634A7 /* Resources */ = {
			isa = PBXResourcesBuildPhase;
			buildActionMask = 2147483647;
			files = (
				843B8245206224FA00A634A7 /* LaunchScreen.storyboard in Resources */,
				843B82882062440B00A634A7 /* Styles of Beyond - Nine Thou (Superstars Remix) - remix.mp3 in Resources */,
				843B8242206224FA00A634A7 /* Assets.xcassets in Resources */,
				843B82842062440B00A634A7 /* Fort Minor - Remember the Name.mp3 in Resources */,
				843B8240206224FA00A634A7 /* Main.storyboard in Resources */,
			);
			runOnlyForDeploymentPostprocessing = 0;
		};
		843B824B206224FA00A634A7 /* Resources */ = {
			isa = PBXResourcesBuildPhase;
			buildActionMask = 2147483647;
			files = (
			);
			runOnlyForDeploymentPostprocessing = 0;
		};
		843B8256206224FA00A634A7 /* Resources */ = {
			isa = PBXResourcesBuildPhase;
			buildActionMask = 2147483647;
			files = (
			);
			runOnlyForDeploymentPostprocessing = 0;
		};
/* End PBXResourcesBuildPhase section */

/* Begin PBXSourcesBuildPhase section */
		843B8231206224FA00A634A7 /* Sources */ = {
			isa = PBXSourcesBuildPhase;
			buildActionMask = 2147483647;
			files = (
				843B82862062440B00A634A7 /* WGMusicMsgModel.m in Sources */,
				843B823D206224FA00A634A7 /* ViewController.m in Sources */,
				843B8248206224FA00A634A7 /* main.m in Sources */,
				843B82852062440B00A634A7 /* BaseModel.m in Sources */,
				843B82872062440B00A634A7 /* WGToolsClass.m in Sources */,
				843B823A206224FA00A634A7 /* AppDelegate.m in Sources */,
			);
			runOnlyForDeploymentPostprocessing = 0;
		};
		843B8249206224FA00A634A7 /* Sources */ = {
			isa = PBXSourcesBuildPhase;
			buildActionMask = 2147483647;
			files = (
				843B8252206224FA00A634A7 /* DemoForGetDocumentMusicMsgTests.m in Sources */,
			);
			runOnlyForDeploymentPostprocessing = 0;
		};
		843B8254206224FA00A634A7 /* Sources */ = {
			isa = PBXSourcesBuildPhase;
			buildActionMask = 2147483647;
			files = (
				843B825D206224FA00A634A7 /* DemoForGetDocumentMusicMsgUITests.m in Sources */,
			);
			runOnlyForDeploymentPostprocessing = 0;
		};
/* End PBXSourcesBuildPhase section */

/* Begin PBXTargetDependency section */
		843B824F206224FA00A634A7 /* PBXTargetDependency */ = {
			isa = PBXTargetDependency;
			target = 843B8234206224FA00A634A7 /* DemoForGetDocumentMusicMsg */;
			targetProxy = 843B824E206224FA00A634A7 /* PBXContainerItemProxy */;
		};
		843B825A206224FA00A634A7 /* PBXTargetDependency */ = {
			isa = PBXTargetDependency;
			target = 843B8234206224FA00A634A7 /* DemoForGetDocumentMusicMsg */;
			targetProxy = 843B8259206224FA00A634A7 /* PBXContainerItemProxy */;
		};
/* End PBXTargetDependency section */

/* Begin PBXVariantGroup section */
		843B823E206224FA00A634A7 /* Main.storyboard */ = {
			isa = PBXVariantGroup;
			children = (
				843B823F206224FA00A634A7 /* Base */,
			);
			name = Main.storyboard;
			sourceTree = "<group>";
		};
		843B8243206224FA00A634A7 /* LaunchScreen.storyboard */ = {
			isa = PBXVariantGroup;
			children = (
				843B8244206224FA00A634A7 /* Base */,
			);
			name = LaunchScreen.storyboard;
			sourceTree = "<group>";
		};
/* End PBXVariantGroup section */

/* Begin XCBuildConfiguration section */
		843B825F206224FA00A634A7 /* Debug */ = {
			isa = XCBuildConfiguration;
			buildSettings = {
				ALWAYS_SEARCH_USER_PATHS = NO;
				CLANG_ANALYZER_NONNULL = YES;
				CLANG_ANALYZER_NUMBER_OBJECT_CONVERSION = YES_AGGRESSIVE;
				CLANG_CXX_LANGUAGE_STANDARD = "gnu++14";
				CLANG_CXX_LIBRARY = "libc++";
				CLANG_ENABLE_MODULES = YES;
				CLANG_ENABLE_OBJC_ARC = YES;
				CLANG_WARN_BLOCK_CAPTURE_AUTORELEASING = YES;
				CLANG_WARN_BOOL_CONVERSION = YES;
				CLANG_WARN_COMMA = YES;
				CLANG_WARN_CONSTANT_CONVERSION = YES;
				CLANG_WARN_DIRECT_OBJC_ISA_USAGE = YES_ERROR;
				CLANG_WARN_DOCUMENTATION_COMMENTS = YES;
				CLANG_WARN_EMPTY_BODY = YES;
				CLANG_WARN_ENUM_CONVERSION = YES;
				CLANG_WARN_INFINITE_RECURSION = YES;
				CLANG_WARN_INT_CONVERSION = YES;
				CLANG_WARN_NON_LITERAL_NULL_CONVERSION = YES;
				CLANG_WARN_OBJC_LITERAL_CONVERSION = YES;
				CLANG_WARN_OBJC_ROOT_CLASS = YES_ERROR;
				CLANG_WARN_RANGE_LOOP_ANALYSIS = YES;
				CLANG_WARN_STRICT_PROTOTYPES = YES;
				CLANG_WARN_SUSPICIOUS_MOVE = YES;
				CLANG_WARN_UNGUARDED_AVAILABILITY = YES_AGGRESSIVE;
				CLANG_WARN_UNREACHABLE_CODE = YES;
				CLANG_WARN__DUPLICATE_METHOD_MATCH = YES;
				CODE_SIGN_IDENTITY = "iPhone Developer";
				COPY_PHASE_STRIP = NO;
				DEBUG_INFORMATION_FORMAT = dwarf;
				ENABLE_STRICT_OBJC_MSGSEND = YES;
				ENABLE_TESTABILITY = YES;
				GCC_C_LANGUAGE_STANDARD = gnu11;
				GCC_DYNAMIC_NO_PIC = NO;
				GCC_NO_COMMON_BLOCKS = YES;
				GCC_OPTIMIZATION_LEVEL = 0;
				GCC_PREPROCESSOR_DEFINITIONS = (
					"DEBUG=1",
					"$(inherited)",
				);
				GCC_WARN_64_TO_32_BIT_CONVERSION = YES;
				GCC_WARN_ABOUT_RETURN_TYPE = YES_ERROR;
				GCC_WARN_UNDECLARED_SELECTOR = YES;
				GCC_WARN_UNINITIALIZED_AUTOS = YES_AGGRESSIVE;
				GCC_WARN_UNUSED_FUNCTION = YES;
				GCC_WARN_UNUSED_VARIABLE = YES;
				IPHONEOS_DEPLOYMENT_TARGET = 11.2;
				MTL_ENABLE_DEBUG_INFO = YES;
				ONLY_ACTIVE_ARCH = YES;
				SDKROOT = iphoneos;
			};
			name = Debug;
		};
		843B8260206224FA00A634A7 /* Release */ = {
			isa = XCBuildConfiguration;
			buildSettings = {
				ALWAYS_SEARCH_USER_PATHS = NO;
				CLANG_ANALYZER_NONNULL = YES;
				CLANG_ANALYZER_NUMBER_OBJECT_CONVERSION = YES_AGGRESSIVE;
				CLANG_CXX_LANGUAGE_STANDARD = "gnu++14";
				CLANG_CXX_LIBRARY = "libc++";
				CLANG_ENABLE_MODULES = YES;
				CLANG_ENABLE_OBJC_ARC = YES;
				CLANG_WARN_BLOCK_CAPTURE_AUTORELEASING = YES;
				CLANG_WARN_BOOL_CONVERSION = YES;
				CLANG_WARN_COMMA = YES;
				CLANG_WARN_CONSTANT_CONVERSION = YES;
				CLANG_WARN_DIRECT_OBJC_ISA_USAGE = YES_ERROR;
				CLANG_WARN_DOCUMENTATION_COMMENTS = YES;
				CLANG_WARN_EMPTY_BODY = YES;
				CLANG_WARN_ENUM_CONVERSION = YES;
				CLANG_WARN_INFINITE_RECURSION = YES;
				CLANG_WARN_INT_CONVERSION = YES;
				CLANG_WARN_NON_LITERAL_NULL_CONVERSION = YES;
				CLANG_WARN_OBJC_LITERAL_CONVERSION = YES;
				CLANG_WARN_OBJC_ROOT_CLASS = YES_ERROR;
				CLANG_WARN_RANGE_LOOP_ANALYSIS = YES;
				CLANG_WARN_STRICT_PROTOTYPES = YES;
				CLANG_WARN_SUSPICIOUS_MOVE = YES;
				CLANG_WARN_UNGUARDED_AVAILABILITY = YES_AGGRESSIVE;
				CLANG_WARN_UNREACHABLE_CODE = YES;
				CLANG_WARN__DUPLICATE_METHOD_MATCH = YES;
				CODE_SIGN_IDENTITY = "iPhone Developer";
				COPY_PHASE_STRIP = NO;
				DEBUG_INFORMATION_FORMAT = "dwarf-with-dsym";
				ENABLE_NS_ASSERTIONS = NO;
				ENABLE_STRICT_OBJC_MSGSEND = YES;
				GCC_C_LANGUAGE_STANDARD = gnu11;
				GCC_NO_COMMON_BLOCKS = YES;
				GCC_WARN_64_TO_32_BIT_CONVERSION = YES;
				GCC_WARN_ABOUT_RETURN_TYPE = YES_ERROR;
				GCC_WARN_UNDECLARED_SELECTOR = YES;
				GCC_WARN_UNINITIALIZED_AUTOS = YES_AGGRESSIVE;
				GCC_WARN_UNUSED_FUNCTION = YES;
				GCC_WARN_UNUSED_VARIABLE = YES;
				IPHONEOS_DEPLOYMENT_TARGET = 11.2;
				MTL_ENABLE_DEBUG_INFO = NO;
				SDKROOT = iphoneos;
				VALIDATE_PRODUCT = YES;
			};
			name = Release;
		};
		843B8262206224FA00A634A7 /* Debug */ = {
			isa = XCBuildConfiguration;
			buildSettings = {
				ASSETCATALOG_COMPILER_APPICON_NAME = AppIcon;
				CODE_SIGN_STYLE = Automatic;
				DEVELOPMENT_TEAM = 4838U59BM2;
				INFOPLIST_FILE = DemoForGetDocumentMusicMsg/Info.plist;
				IPHONEOS_DEPLOYMENT_TARGET = 8.0;
				LD_RUNPATH_SEARCH_PATHS = "$(inherited) @executable_path/Frameworks";
				PRODUCT_BUNDLE_IDENTIFIER = LOVER.DemoForGetDocumentMusicMsg;
				PRODUCT_NAME = "$(TARGET_NAME)";
				TARGETED_DEVICE_FAMILY = "1,2";
			};
			name = Debug;
		};
		843B8263206224FA00A634A7 /* Release */ = {
			isa = XCBuildConfiguration;
			buildSettings = {
				ASSETCATALOG_COMPILER_APPICON_NAME = AppIcon;
				CODE_SIGN_STYLE = Automatic;
				DEVELOPMENT_TEAM = 4838U59BM2;
				INFOPLIST_FILE = DemoForGetDocumentMusicMsg/Info.plist;
				IPHONEOS_DEPLOYMENT_TARGET = 8.0;
				LD_RUNPATH_SEARCH_PATHS = "$(inherited) @executable_path/Frameworks";
				PRODUCT_BUNDLE_IDENTIFIER = LOVER.DemoForGetDocumentMusicMsg;
				PRODUCT_NAME = "$(TARGET_NAME)";
				TARGETED_DEVICE_FAMILY = "1,2";
			};
			name = Release;
		};
		843B8265206224FA00A634A7 /* Debug */ = {
			isa = XCBuildConfiguration;
			buildSettings = {
				BUNDLE_LOADER = "$(TEST_HOST)";
				CODE_SIGN_STYLE = Automatic;
				DEVELOPMENT_TEAM = 4838U59BM2;
				INFOPLIST_FILE = DemoForGetDocumentMusicMsgTests/Info.plist;
				LD_RUNPATH_SEARCH_PATHS = "$(inherited) @executable_path/Frameworks @loader_path/Frameworks";
				PRODUCT_BUNDLE_IDENTIFIER = LOVER.DemoForGetDocumentMusicMsgTests;
				PRODUCT_NAME = "$(TARGET_NAME)";
				TARGETED_DEVICE_FAMILY = "1,2";
				TEST_HOST = "$(BUILT_PRODUCTS_DIR)/DemoForGetDocumentMusicMsg.app/DemoForGetDocumentMusicMsg";
			};
			name = Debug;
		};
		843B8266206224FA00A634A7 /* Release */ = {
			isa = XCBuildConfiguration;
			buildSettings = {
				BUNDLE_LOADER = "$(TEST_HOST)";
				CODE_SIGN_STYLE = Automatic;
				DEVELOPMENT_TEAM = 4838U59BM2;
				INFOPLIST_FILE = DemoForGetDocumentMusicMsgTests/Info.plist;
				LD_RUNPATH_SEARCH_PATHS = "$(inherited) @executable_path/Frameworks @loader_path/Frameworks";
				PRODUCT_BUNDLE_IDENTIFIER = LOVER.DemoForGetDocumentMusicMsgTests;
				PRODUCT_NAME = "$(TARGET_NAME)";
				TARGETED_DEVICE_FAMILY = "1,2";
				TEST_HOST = "$(BUILT_PRODUCTS_DIR)/DemoForGetDocumentMusicMsg.app/DemoForGetDocumentMusicMsg";
			};
			name = Release;
		};
		843B8268206224FA00A634A7 /* Debug */ = {
			isa = XCBuildConfiguration;
			buildSettings = {
				CODE_SIGN_STYLE = Automatic;
				DEVELOPMENT_TEAM = 4838U59BM2;
				INFOPLIST_FILE = DemoForGetDocumentMusicMsgUITests/Info.plist;
				LD_RUNPATH_SEARCH_PATHS = "$(inherited) @executable_path/Frameworks @loader_path/Frameworks";
				PRODUCT_BUNDLE_IDENTIFIER = LOVER.DemoForGetDocumentMusicMsgUITests;
				PRODUCT_NAME = "$(TARGET_NAME)";
				TARGETED_DEVICE_FAMILY = "1,2";
				TEST_TARGET_NAME = DemoForGetDocumentMusicMsg;
			};
			name = Debug;
		};
		843B8269206224FA00A634A7 /* Release */ = {
			isa = XCBuildConfiguration;
			buildSettings = {
				CODE_SIGN_STYLE = Automatic;
				DEVELOPMENT_TEAM = 4838U59BM2;
				INFOPLIST_FILE = DemoForGetDocumentMusicMsgUITests/Info.plist;
				LD_RUNPATH_SEARCH_PATHS = "$(inherited) @executable_path/Frameworks @loader_path/Frameworks";
				PRODUCT_BUNDLE_IDENTIFIER = LOVER.DemoForGetDocumentMusicMsgUITests;
				PRODUCT_NAME = "$(TARGET_NAME)";
				TARGETED_DEVICE_FAMILY = "1,2";
				TEST_TARGET_NAME = DemoForGetDocumentMusicMsg;
			};
			name = Release;
		};
/* End XCBuildConfiguration section */

/* Begin XCConfigurationList section */
		843B8230206224F900A634A7 /* Build configuration list for PBXProject "DemoForGetDocumentMusicMsg" */ = {
			isa = XCConfigurationList;
			buildConfigurations = (
				843B825F206224FA00A634A7 /* Debug */,
				843B8260206224FA00A634A7 /* Release */,
			);
			defaultConfigurationIsVisible = 0;
			defaultConfigurationName = Release;
		};
		843B8261206224FA00A634A7 /* Build configuration list for PBXNativeTarget "DemoForGetDocumentMusicMsg" */ = {
			isa = XCConfigurationList;
			buildConfigurations = (
				843B8262206224FA00A634A7 /* Debug */,
				843B8263206224FA00A634A7 /* Release */,
			);
			defaultConfigurationIsVisible = 0;
			defaultConfigurationName = Release;
		};
		843B8264206224FA00A634A7 /* Build configuration list for PBXNativeTarget "DemoForGetDocumentMusicMsgTests" */ = {
			isa = XCConfigurationList;
			buildConfigurations = (
				843B8265206224FA00A634A7 /* Debug */,
				843B8266206224FA00A634A7 /* Release */,
			);
			defaultConfigurationIsVisible = 0;
			defaultConfigurationName = Release;
		};
		843B8267206224FA00A634A7 /* Build configuration list for PBXNativeTarget "DemoForGetDocumentMusicMsgUITests" */ = {
			isa = XCConfigurationList;
			buildConfigurations = (
				843B8268206224FA00A634A7 /* Debug */,
				843B8269206224FA00A634A7 /* Release */,
			);
			defaultConfigurationIsVisible = 0;
			defaultConfigurationName = Release;
		};
/* End XCConfigurationList section */
	};
	rootObject = 843B822D206224F900A634A7 /* Project object */;
}
